
Microsoft Visual Studio Solution File, Format Version 12.00
# Visual Studio 15
VisualStudioVersion = 15.0.27004.2002
MinimumVisualStudioVersion = 10.0.40219.1
Project("{FAE04EC0-301F-11D3-BF4B-00C04F79EFBC}") = "EpamTask2", "EpamTask2\EpamTask2.csproj", "{DAD7F9FB-C0BA-4316-A6F3-2B27383C3EC4}"
EndProject
Global
	GlobalSection(SolutionConfigurationPlatforms) = preSolution
		Debug|Any CPU = Debug|Any CPU
		Release|Any CPU = Release|Any CPU
	EndGlobalSection
	GlobalSection(ProjectConfigurationPlatforms) = postSolution
		{DAD7F9FB-C0BA-4316-A6F3-2B27383C3EC4}.Debug|Any CPU.ActiveCfg = Debug|Any CPU
		{DAD7F9FB-C0BA-4316-A6F3-2B27383C3EC4}.Debug|Any CPU.Build.0 = Debug|Any CPU
		{DAD7F9FB-C0BA-4316-A6F3-2B27383C3EC4}.Release|Any CPU.ActiveCfg = Release|Any CPU
		{DAD7F9FB-C0BA-4316-A6F3-2B27383C3EC4}.Release|Any CPU.Build.0 = Release|Any CPU
	EndGlobalSection
	GlobalSection(SolutionProperties) = preSolution
		HideSolutionNode = FALSE
	EndGlobalSection
	GlobalSection(ExtensibilityGlobals) = postSolution
		SolutionGuid = {DAC3FC61-F7D5-4D54-AD92-16BE6B57A2B8}
	EndGlobalSection
EndGlobal
